// !$*UTF8*$!
{
	archiveVersion = 1;
	classes = {
	};
	objectVersion = 46;
	objects = {

/* Begin PBXBuildFile section */
		A64F044D14BBEAA000EC9AA8 /* main.c in Sources */ = {isa = PBXBuildFile; fileRef = A64F044C14BBEAA000EC9AA8 /* main.c */; };
		A64F044F14BBEAA000EC9AA8 /* program1.1 in CopyFiles */ = {isa = PBXBuildFile; fileRef = A64F044E14BBEAA000EC9AA8 /* program1.1 */; };
/* End PBXBuildFile section */

/* Begin PBXCopyFilesBuildPhase section */
		A64F044614BBEAA000EC9AA8 /* CopyFiles */ = {
			isa = PBXCopyFilesBuildPhase;
			buildActionMask = 2147483647;
			dstPath = /usr/share/man/man1/;
			dstSubfolderSpec = 0;
			files = (
				A64F044F14BBEAA000EC9AA8 /* program1.1 in CopyFiles */,
			);
			runOnlyForDeploymentPostprocessing = 1;
		};
/* End PBXCopyFilesBuildPhase section */

/* Begin PBXFileReference section */
		A64F044814BBEAA000EC9AA8 /* program1 */ = {isa = PBXFileReference; explicitFileType = "compiled.mach-o.executable"; includeInIndex = 0; path = program1; sourceTree = BUILT_PRODUCTS_DIR; };
		A64F044C14BBEAA000EC9AA8 /* main.c */ = {isa = PBXFileReference; lastKnownFileType = sourcecode.c.c; path = main.c; sourceTree = "<group>"; };
		A64F044E14BBEAA000EC9AA8 /* program1.1 */ = {isa = PBXFileReference; lastKnownFileType = text.man; path = program1.1; sourceTree = "<group>"; };
/* End PBXFileReference section */

/* Begin PBXFrameworksBuildPhase section */
		A64F044514BBEAA000EC9AA8 /* Frameworks */ = {
			isa = PBXFrameworksBuildPhase;
			buildActionMask = 2147483647;
			files = (
			);
			runOnlyForDeploymentPostprocessing = 0;
		};
/* End PBXFrameworksBuildPhase section */

/* Begin PBXGroup section */
		A64F043D14BBEAA000EC9AA8 = {
			isa = PBXGroup;
			children = (
				A64F044B14BBEAA000EC9AA8 /* program1 */,
				A64F044914BBEAA000EC9AA8 /* Products */,
			);
			sourceTree = "<group>";
		};
		A64F044914BBEAA000EC9AA8 /* Products */ = {
			isa = PBXGroup;
			children = (
				A64F044814BBEAA000EC9AA8 /* program1 */,
			);
			name = Products;
			sourceTree = "<group>";
		};
		A64F044B14BBEAA000EC9AA8 /* program1 */ = {
			isa = PBXGroup;
			children = (
				A64F044C14BBEAA000EC9AA8 /* main.c */,
				A64F044E14BBEAA000EC9AA8 /* program1.1 */,
			);
			path = program1;
			sourceTree = "<group>";
		};
/* End PBXGroup section */

/* Begin PBXNativeTarget section */
		A64F044714BBEAA000EC9AA8 /* program1 */ = {
			isa = PBXNativeTarget;
			buildConfigurationList = A64F045214BBEAA000EC9AA8 /* Build configuration list for PBXNativeTarget "program1" */;
			buildPhases = (
				A64F044414BBEAA000EC9AA8 /* Sources */,
				A64F044514BBEAA000EC9AA8 /* Frameworks */,
				A64F044614BBEAA000EC9AA8 /* CopyFiles */,
			);
			buildRules = (
			);
			dependencies = (
			);
			name = program1;
			productName = program1;
			productReference = A64F044814BBEAA000EC9AA8 /* program1 */;
			productType = "com.apple.product-type.tool";
		};
/* End PBXNativeTarget section */

/* Begin PBXProject section */
		A64F043F14BBEAA000EC9AA8 /* Project object */ = {
			isa = PBXProject;
			attributes = {
				LastUpgradeCheck = 0420;
			};
			buildConfigurationList = A64F044214BBEAA000EC9AA8 /* Build configuration list for PBXProject "program1" */;
			compatibilityVersion = "Xcode 3.2";
			developmentRegion = English;
			hasScannedForEncodings = 0;
			knownRegions = (
				en,
			);
			mainGroup = A64F043D14BBEAA000EC9AA8;
			productRefGroup = A64F044914BBEAA000EC9AA8 /* Products */;
			projectDirPath = "";
			projectRoot = "";
			targets = (
				A64F044714BBEAA000EC9AA8 /* program1 */,
			);
		};
/* End PBXProject section */

/* Begin PBXSourcesBuildPhase section */
		A64F044414BBEAA000EC9AA8 /* Sources */ = {
			isa = PBXSourcesBuildPhase;
			buildActionMask = 2147483647;
			files = (
				A64F044D14BBEAA000EC9AA8 /* main.c in Sources */,
			);
			runOnlyForDeploymentPostprocessing = 0;
		};
/* End PBXSourcesBuildPhase section */

/* Begin XCBuildConfiguration section */
		A64F045014BBEAA000EC9AA8 /* Debug */ = {
			isa = XCBuildConfiguration;
			buildSettings = {
				ALWAYS_SEARCH_USER_PATHS = NO;
				ARCHS = "$(ARCHS_STANDARD_32_64_BIT)";
				CLANG_ENABLE_OBJC_ARC = YES;
				COPY_PHASE_STRIP = NO;
				GCC_C_LANGUAGE_STANDARD = gnu99;
				GCC_DYNAMIC_NO_PIC = NO;
				GCC_ENABLE_OBJC_EXCEPTIONS = YES;
				GCC_OPTIMIZATION_LEVEL = 0;
				GCC_PREPROCESSOR_DEFINITIONS = (
					"DEBUG=1",
					"$(inherited)",
				);
				GCC_SYMBOLS_PRIVATE_EXTERN = NO;
				GCC_VERSION = com.apple.compilers.llvm.clang.1_0;
				GCC_WARN_64_TO_32_BIT_CONVERSION = YES;
				GCC_WARN_ABOUT_MISSING_PROTOTYPES = YES;
				GCC_WARN_ABOUT_RETURN_TYPE = YES;
				GCC_WARN_UNUSED_VARIABLE = YES;
				MACOSX_DEPLOYMENT_TARGET = 10.7;
				ONLY_ACTIVE_ARCH = YES;
				SDKROOT = macosx;
			};
			name = Debug;
		};
		A64F045114BBEAA000EC9AA8 /* Release */ = {
			isa = XCBuildConfiguration;
			buildSettings = {
				ALWAYS_SEARCH_USER_PATHS = NO;
				ARCHS = "$(ARCHS_STANDARD_32_64_BIT)";
				CLANG_ENABLE_OBJC_ARC = YES;
				COPY_PHASE_STRIP = YES;
				DEBUG_INFORMATION_FORMAT = "dwarf-with-dsym";
				GCC_C_LANGUAGE_STANDARD = gnu99;
				GCC_ENABLE_OBJC_EXCEPTIONS = YES;
				GCC_VERSION = com.apple.compilers.llvm.clang.1_0;
				GCC_WARN_64_TO_32_BIT_CONVERSION = YES;
				GCC_WARN_ABOUT_MISSING_PROTOTYPES = YES;
				GCC_WARN_ABOUT_RETURN_TYPE = YES;
				GCC_WARN_UNUSED_VARIABLE = YES;
				MACOSX_DEPLOYMENT_TARGET = 10.7;
				SDKROOT = macosx;
			};
			name = Release;
		};
		A64F045314BBEAA000EC9AA8 /* Debug */ = {
			isa = XCBuildConfiguration;
			buildSettings = {
				PRODUCT_NAME = "$(TARGET_NAME)";
			};
			name = Debug;
		};
		A64F045414BBEAA000EC9AA8 /* Release */ = {
			isa = XCBuildConfiguration;
			buildSettings = {
				PRODUCT_NAME = "$(TARGET_NAME)";
			};
			name = Release;
		};
/* End XCBuildConfiguration section */

/* Begin XCConfigurationList section */
		A64F044214BBEAA000EC9AA8 /* Build configuration list for PBXProject "program1" */ = {
			isa = XCConfigurationList;
			buildConfigurations = (
				A64F045014BBEAA000EC9AA8 /* Debug */,
				A64F045114BBEAA000EC9AA8 /* Release */,
			);
			defaultConfigurationIsVisible = 0;
			defaultConfigurationName = Release;
		};
		A64F045214BBEAA000EC9AA8 /* Build configuration list for PBXNativeTarget "program1" */ = {
			isa = XCConfigurationList;
			buildConfigurations = (
				A64F045314BBEAA000EC9AA8 /* Debug */,
				A64F045414BBEAA000EC9AA8 /* Release */,
			);
			defaultConfigurationIsVisible = 0;
		};
/* End XCConfigurationList section */
	};
	rootObject = A64F043F14BBEAA000EC9AA8 /* Project object */;
}
